
Microsoft Visual Studio Solution File, Format Version 12.00
# Visual Studio Version 17
VisualStudioVersion = 17.11.35222.181
MinimumVisualStudioVersion = 10.0.40219.1
Project("{FAE04EC0-301F-11D3-BF4B-00C04F79EFBC}") = "KutyaAPI", "KutyaAPI\KutyaAPI.csproj", "{4CD11923-FE67-4556-86AD-470532B95AF6}"
EndProject
Global
	GlobalSection(SolutionConfigurationPlatforms) = preSolution
		Debug|Any CPU = Debug|Any CPU
		Release|Any CPU = Release|Any CPU
	EndGlobalSection
	GlobalSection(ProjectConfigurationPlatforms) = postSolution
		{4CD11923-FE67-4556-86AD-470532B95AF6}.Debug|Any CPU.ActiveCfg = Debug|Any CPU
		{4CD11923-FE67-4556-86AD-470532B95AF6}.Debug|Any CPU.Build.0 = Debug|Any CPU
		{4CD11923-FE67-4556-86AD-470532B95AF6}.Release|Any CPU.ActiveCfg = Release|Any CPU
		{4CD11923-FE67-4556-86AD-470532B95AF6}.Release|Any CPU.Build.0 = Release|Any CPU
	EndGlobalSection
	GlobalSection(SolutionProperties) = preSolution
		HideSolutionNode = FALSE
	EndGlobalSection
	GlobalSection(ExtensibilityGlobals) = postSolution
		SolutionGuid = {4DE2E0DF-A57A-4971-B7F7-50F8EC1105FF}
	EndGlobalSection
EndGlobal
